# This file is autogenerated, do not edit; changes may be undone by the next 'dep ensure'.


[[projects]]
  digest = "1:bd8bc15ce3a9929e2777651cbc271fca5561c0d5f42187edb4720e638d24662d"
  name = "github.com/beevik/etree"
  packages = ["."]
  pruneopts = "UT"
  revision = "v1.1.0"
  source = "git@gitlab.eng.vmware.com:core-build/mirrors_github_beevik_etree.git"

[[projects]]
  digest = "1:ffe9824d294da03b391f44e1ae8281281b4afc1bdaa9588c9097785e3af10cec"
  name = "github.com/davecgh/go-spew"
  packages = ["spew"]
  pruneopts = "UT"
  revision = "8991bc29aa16c548c550c7ff78260e27b9ab7c73"
  source = "git@gitlab.eng.vmware.com:core-build/mirrors_github_go-spew.git"

[[projects]]
  branch = "vapi"
  digest = "1:b919ac1f1c218ca5268ad41eccaa1bac15bc297e13ccace736872f978a809cab"
  name = "github.com/gibson042/canonicaljson-go"
  packages = ["."]
  pruneopts = "UT"
  revision = "6b3a5b1c045d6c1b3be9f15f5dbef25eed684770"
  source = "git@gitlab.eng.vmware.com:core-build/mirrors_github_canonicaljson-go.git"

[[projects]]
  digest = "1:582b704bebaa06b48c29b0cec224a6058a09c86883aaddabde889cd1a5f73e1b"
  name = "github.com/google/uuid"
  packages = ["."]
  pruneopts = "UT"
  revision = "0cd6bf5da1e1c83f8b45653022c74f71af0538a4"
  source = "git@gitlab.eng.vmware.com:core-build/mirrors_github_google_uuid.git"
  version = "v1.1.1"

[[projects]]
  digest = "1:d5f97fc268267ec1b61c3453058c738246fc3e746f14b1ae25161513b7367b0c"
  name = "github.com/gorilla/mux"
  packages = ["."]
  pruneopts = "UT"
  revision = "c5c6c98bc25355028a63748a498942a6398ccd22"
  source = "git@gitlab.eng.vmware.com:core-build/mirrors_github_gorilla_mux.git"

[[projects]]
  digest = "1:0028cb19b2e4c3112225cd871870f2d9cf49b9b4276531f03438a88e94be86fe"
  name = "github.com/pmezard/go-difflib"
  packages = ["difflib"]
  pruneopts = "UT"
  revision = "v1.0.0"
  source = "git@gitlab.eng.vmware.com:core-build/mirrors_github_go_difflib.git"

[[projects]]
  digest = "1:cfe29ea2d2128b2d5e4c7d424946caa3147133004daf0b1796ffd049c42917d9"
  name = "github.com/stretchr/objx"
  packages = ["."]
  pruneopts = "UT"
  revision = "c61a9dfcced1815e7d40e214d00d1a8669a9f58c"
  source = "git@gitlab.eng.vmware.com:core-build/mirrors_github_go_objx.git"

[[projects]]
  digest = "1:ad527ce5c6b2426790449db7663fe53f8bb647f9387295406794c8be001238da"
  name = "github.com/stretchr/testify"
  packages = [
    "assert",
    "mock",
  ]
  pruneopts = "UT"
  revision = "221dbe5ed46703ee255b1da0dec05086f5035f62"
  source = "git@gitlab.eng.vmware.com:core-build/mirrors_github_testify.git"
  version = "v1.4.0"

[[projects]]
  digest = "1:76ee51c3f468493aff39dbacc401e8831fbb765104cbf613b89bef01cf4bad70"
  name = "golang.org/x/net"
  packages = ["context"]
  pruneopts = "UT"
  revision = "a4630153038d3cb8c57f83d95200aea356145cf5"
  source = "git@gitlab.eng.vmware.com:core-build/mirrors_github_golang_net.git"

[[projects]]
  digest = "1:97fb37d85d7c88a3eaf4e87f3e3e2ec8703a20001733a038c30d324f4fc97b16"
  name = "golang.org/x/text"
  packages = [
    "feature/plural",
    "internal",
    "internal/catmsg",
    "internal/format",
    "internal/gen",
    "internal/language",
    "internal/language/compact",
    "internal/number",
    "internal/stringset",
    "internal/tag",
    "language",
    "message",
    "message/catalog",
    "unicode/cldr",
  ]
  pruneopts = "UT"
  revision = "cb6730876b985e110843c1842a7a63a63677cf08"
  source = "git@gitlab.eng.vmware.com:core-build/mirrors_github_golang_text.git"

[[projects]]
  digest = "1:4d2e5a73dc1500038e504a8d78b986630e3626dc027bc030ba5c75da257cdb96"
  name = "gopkg.in/yaml.v2"
  packages = ["."]
  pruneopts = "UT"
  revision = "v2.2.2"
  source = "git@gitlab.eng.vmware.com:core-build/mirrors_gopkg_yaml.v2.git"

[solve-meta]
  analyzer-name = "dep"
  analyzer-version = 1
  input-imports = [
    "github.com/beevik/etree",
    "github.com/gibson042/canonicaljson-go",
    "github.com/google/uuid",
    "github.com/gorilla/mux",
    "github.com/stretchr/testify/assert",
    "github.com/stretchr/testify/mock",
    "golang.org/x/net/context",
    "golang.org/x/text/language",
    "golang.org/x/text/message",
    "golang.org/x/text/message/catalog",
  ]
  solver-name = "gps-cdcl"
  solver-version = 1
